{
  "version": 4,
  "terraform_version": "1.4.0",
  "serial": 17,
  "lineage": "09a1c396-1f2d-1c1f-1ee7-bf1749768dee",
  "outputs": {},
  "resources": [
    {
      "mode": "managed",
      "type": "azurerm_resource_group",
      "name": "this",
      "provider": "provider[\"registry.terraform.io/hashicorp/azurerm\"]",
      "instances": [
        {
          "schema_version": 0,
          "attributes": {
            "id": "/subscriptions/d134efee-67e2-4db0-a253-903d6309fe47/resourceGroups/azure-openai-terraform-deployment-sample",
            "location": "eastus",
            "name": "azure-openai-terraform-deployment-sample",
            "tags": null,
            "timeouts": null
          },
          "sensitive_attributes": [],
          "private": "eyJlMmJmYjczMC1lY2FhLTExZTYtOGY4OC0zNDM2M2JjN2M0YzAiOnsiY3JlYXRlIjo1NDAwMDAwMDAwMDAwLCJkZWxldGUiOjU0MDAwMDAwMDAwMDAsInJlYWQiOjMwMDAwMDAwMDAwMCwidXBkYXRlIjo1NDAwMDAwMDAwMDAwfX0="
        }
      ]
    },
    {
      "module": "module.aks",
      "mode": "data",
      "type": "azurerm_resource_group",
      "name": "main",
      "provider": "provider[\"registry.terraform.io/hashicorp/azurerm\"]",
      "instances": [
        {
          "schema_version": 0,
          "attributes": {
            "id": "/subscriptions/d134efee-67e2-4db0-a253-903d6309fe47/resourceGroups/azure-openai-terraform-deployment-sample",
            "location": "eastus",
            "name": "azure-openai-terraform-deployment-sample",
            "tags": {},
            "timeouts": null
          },
          "sensitive_attributes": []
        }
      ]
    },
    {
      "module": "module.aks",
      "mode": "managed",
      "type": "azurerm_log_analytics_workspace",
      "name": "main",
      "provider": "provider[\"registry.terraform.io/hashicorp/azurerm\"]",
      "instances": []
    },
    {
      "module": "module.aks",
      "mode": "managed",
      "type": "tls_private_key",
      "name": "ssh",
      "provider": "provider[\"registry.terraform.io/hashicorp/tls\"]",
      "instances": []
    },
    {
      "module": "module.openai",
      "mode": "data",
      "type": "azurerm_private_dns_zone",
      "name": "dns_zone",
      "provider": "provider[\"registry.terraform.io/hashicorp/azurerm\"]",
      "instances": []
    },
    {
      "module": "module.openai",
      "mode": "data",
      "type": "azurerm_resource_group",
      "name": "pe_vnet_rg",
      "provider": "provider[\"registry.terraform.io/hashicorp/azurerm\"]",
      "instances": [
        {
          "index_key": "pe_endpoint",
          "schema_version": 0,
          "attributes": {
            "id": "/subscriptions/d134efee-67e2-4db0-a253-903d6309fe47/resourceGroups/azure-openai-terraform-deployment-sample",
            "location": "eastus",
            "name": "azure-openai-terraform-deployment-sample",
            "tags": {},
            "timeouts": null
          },
          "sensitive_attributes": []
        }
      ]
    },
    {
      "module": "module.openai",
      "mode": "data",
      "type": "azurerm_resource_group",
      "name": "this",
      "provider": "provider[\"registry.terraform.io/hashicorp/azurerm\"]",
      "instances": [
        {
          "schema_version": 0,
          "attributes": {
            "id": "/subscriptions/d134efee-67e2-4db0-a253-903d6309fe47/resourceGroups/azure-openai-terraform-deployment-sample",
            "location": "eastus",
            "name": "azure-openai-terraform-deployment-sample",
            "tags": {},
            "timeouts": null
          },
          "sensitive_attributes": []
        }
      ]
    },
    {
      "module": "module.openai",
      "mode": "data",
      "type": "azurerm_subnet",
      "name": "pe_subnet",
      "provider": "provider[\"registry.terraform.io/hashicorp/azurerm\"]",
      "instances": [
        {
          "index_key": "pe_endpoint",
          "schema_version": 0,
          "attributes": {
            "address_prefix": "10.52.0.0/16",
            "address_prefixes": [
              "10.52.0.0/16"
            ],
            "enforce_private_link_endpoint_network_policies": false,
            "enforce_private_link_service_network_policies": false,
            "id": "/subscriptions/d134efee-67e2-4db0-a253-903d6309fe47/resourceGroups/azure-openai-terraform-deployment-sample/providers/Microsoft.Network/virtualNetworks/vnet/subnets/subnet0",
            "name": "subnet0",
            "network_security_group_id": "",
            "private_endpoint_network_policies_enabled": true,
            "private_link_service_network_policies_enabled": true,
            "resource_group_name": "azure-openai-terraform-deployment-sample",
            "route_table_id": "",
            "service_endpoints": [
              "Microsoft.CognitiveServices"
            ],
            "timeouts": null,
            "virtual_network_name": "vnet"
          },
          "sensitive_attributes": []
        }
      ]
    },
    {
      "module": "module.openai",
      "mode": "data",
      "type": "azurerm_virtual_network",
      "name": "vnet",
      "provider": "provider[\"registry.terraform.io/hashicorp/azurerm\"]",
      "instances": [
        {
          "index_key": "pe_endpoint",
          "schema_version": 0,
          "attributes": {
            "address_space": [
              "10.52.0.0/16"
            ],
            "dns_servers": [],
            "guid": "b6853b21-88c8-47d7-9dcb-3c5668739ba3",
            "id": "/subscriptions/d134efee-67e2-4db0-a253-903d6309fe47/resourceGroups/azure-openai-terraform-deployment-sample/providers/Microsoft.Network/virtualNetworks/vnet",
            "location": "eastus",
            "name": "vnet",
            "resource_group_name": "azure-openai-terraform-deployment-sample",
            "subnets": [
              "subnet0"
            ],
            "tags": {},
            "timeouts": null,
            "vnet_peerings": {},
            "vnet_peerings_addresses": []
          },
          "sensitive_attributes": []
        }
      ]
    },
    {
      "module": "module.openai",
      "mode": "managed",
      "type": "azurerm_cognitive_account",
      "name": "this",
      "provider": "provider[\"registry.terraform.io/hashicorp/azurerm\"]",
      "instances": [
        {
          "schema_version": 0,
          "attributes": {
            "custom_question_answering_search_service_id": null,
            "custom_question_answering_search_service_key": null,
            "custom_subdomain_name": "azureopenai-295305",
            "customer_managed_key": [],
            "dynamic_throttling_enabled": false,
            "endpoint": "https://azureopenai-295305.openai.azure.com/",
            "fqdns": null,
            "id": "/subscriptions/d134efee-67e2-4db0-a253-903d6309fe47/resourceGroups/azure-openai-terraform-deployment-sample/providers/Microsoft.CognitiveServices/accounts/azureopenai-295305",
            "identity": [],
            "kind": "OpenAI",
            "local_auth_enabled": true,
            "location": "eastus",
            "metrics_advisor_aad_client_id": null,
            "metrics_advisor_aad_tenant_id": null,
            "metrics_advisor_super_user_name": null,
            "metrics_advisor_website_name": null,
            "name": "azureopenai-295305",
            "network_acls": [],
            "outbound_network_access_restricted": false,
            "primary_access_key": "48b8c07fa067488fb0c58c25b72c7123",
            "public_network_access_enabled": false,
            "qna_runtime_endpoint": null,
            "resource_group_name": "azure-openai-terraform-deployment-sample",
            "secondary_access_key": "3f3164a4262841958768a7ec157278c2",
            "sku_name": "S0",
            "storage": [],
            "tags": null,
            "timeouts": null
          },
          "sensitive_attributes": [],
          "private": "eyJlMmJmYjczMC1lY2FhLTExZTYtOGY4OC0zNDM2M2JjN2M0YzAiOnsiY3JlYXRlIjoxODAwMDAwMDAwMDAwLCJkZWxldGUiOjE4MDAwMDAwMDAwMDAsInJlYWQiOjMwMDAwMDAwMDAwMCwidXBkYXRlIjoxODAwMDAwMDAwMDAwfX0=",
          "dependencies": [
            "azurerm_resource_group.this",
            "module.openai.data.azurerm_resource_group.this",
            "module.openai.random_integer.this",
            "module.vnet.azurerm_subnet.subnet",
            "module.vnet.azurerm_subnet_nat_gateway_association.nat_gw",
            "module.vnet.azurerm_subnet_network_security_group_association.vnet",
            "module.vnet.azurerm_subnet_route_table_association.vnet",
            "module.vnet.azurerm_virtual_network.vnet",
            "module.vnet.azurerm_virtual_network_dns_servers.vnet_dns"
          ]
        }
      ]
    },
    {
      "module": "module.openai",
      "mode": "managed",
      "type": "azurerm_cognitive_deployment",
      "name": "this",
      "provider": "provider[\"registry.terraform.io/hashicorp/azurerm\"]",
      "instances": [
        {
          "index_key": "chat_model",
          "schema_version": 0,
          "attributes": {
            "cognitive_account_id": "/subscriptions/d134efee-67e2-4db0-a253-903d6309fe47/resourceGroups/azure-openai-terraform-deployment-sample/providers/Microsoft.CognitiveServices/accounts/azureopenai-295305",
            "id": "/subscriptions/d134efee-67e2-4db0-a253-903d6309fe47/resourceGroups/azure-openai-terraform-deployment-sample/providers/Microsoft.CognitiveServices/accounts/azureopenai-295305/deployments/gpt-35-turbo",
            "model": [
              {
                "format": "OpenAI",
                "name": "gpt-35-turbo",
                "version": "0301"
              }
            ],
            "name": "gpt-35-turbo",
            "rai_policy_name": "",
            "scale": [
              {
                "type": "Standard"
              }
            ],
            "timeouts": null
          },
          "sensitive_attributes": [],
          "private": "eyJlMmJmYjczMC1lY2FhLTExZTYtOGY4OC0zNDM2M2JjN2M0YzAiOnsiY3JlYXRlIjoxODAwMDAwMDAwMDAwLCJkZWxldGUiOjE4MDAwMDAwMDAwMDAsInJlYWQiOjMwMDAwMDAwMDAwMH19",
          "dependencies": [
            "azurerm_resource_group.this",
            "module.openai.azurerm_cognitive_account.this",
            "module.openai.data.azurerm_resource_group.this",
            "module.openai.random_integer.this",
            "module.vnet.azurerm_subnet.subnet",
            "module.vnet.azurerm_subnet_nat_gateway_association.nat_gw",
            "module.vnet.azurerm_subnet_network_security_group_association.vnet",
            "module.vnet.azurerm_subnet_route_table_association.vnet",
            "module.vnet.azurerm_virtual_network.vnet",
            "module.vnet.azurerm_virtual_network_dns_servers.vnet_dns"
          ]
        },
        {
          "index_key": "embedding_model",
          "schema_version": 0,
          "attributes": {
            "cognitive_account_id": "/subscriptions/d134efee-67e2-4db0-a253-903d6309fe47/resourceGroups/azure-openai-terraform-deployment-sample/providers/Microsoft.CognitiveServices/accounts/azureopenai-295305",
            "id": "/subscriptions/d134efee-67e2-4db0-a253-903d6309fe47/resourceGroups/azure-openai-terraform-deployment-sample/providers/Microsoft.CognitiveServices/accounts/azureopenai-295305/deployments/text-embedding-ada-002",
            "model": [
              {
                "format": "OpenAI",
                "name": "text-embedding-ada-002",
                "version": "1"
              }
            ],
            "name": "text-embedding-ada-002",
            "rai_policy_name": "",
            "scale": [
              {
                "type": "Standard"
              }
            ],
            "timeouts": null
          },
          "sensitive_attributes": [],
          "private": "eyJlMmJmYjczMC1lY2FhLTExZTYtOGY4OC0zNDM2M2JjN2M0YzAiOnsiY3JlYXRlIjoxODAwMDAwMDAwMDAwLCJkZWxldGUiOjE4MDAwMDAwMDAwMDAsInJlYWQiOjMwMDAwMDAwMDAwMH19",
          "dependencies": [
            "azurerm_resource_group.this",
            "module.openai.azurerm_cognitive_account.this",
            "module.openai.data.azurerm_resource_group.this",
            "module.openai.random_integer.this",
            "module.vnet.azurerm_subnet.subnet",
            "module.vnet.azurerm_subnet_nat_gateway_association.nat_gw",
            "module.vnet.azurerm_subnet_network_security_group_association.vnet",
            "module.vnet.azurerm_subnet_route_table_association.vnet",
            "module.vnet.azurerm_virtual_network.vnet",
            "module.vnet.azurerm_virtual_network_dns_servers.vnet_dns"
          ]
        }
      ]
    },
    {
      "module": "module.openai",
      "mode": "managed",
      "type": "azurerm_private_dns_zone",
      "name": "dns_zone",
      "provider": "provider[\"registry.terraform.io/hashicorp/azurerm\"]",
      "instances": [
        {
          "index_key": 0,
          "schema_version": 0,
          "attributes": {
            "id": "/subscriptions/d134efee-67e2-4db0-a253-903d6309fe47/resourceGroups/azure-openai-terraform-deployment-sample/providers/Microsoft.Network/privateDnsZones/privatelink.openai.azure.com",
            "max_number_of_record_sets": 25000,
            "max_number_of_virtual_network_links": 1000,
            "max_number_of_virtual_network_links_with_registration": 100,
            "name": "privatelink.openai.azure.com",
            "number_of_record_sets": 1,
            "resource_group_name": "azure-openai-terraform-deployment-sample",
            "soa_record": [
              {
                "email": "azureprivatedns-host.microsoft.com",
                "expire_time": 2419200,
                "fqdn": "privatelink.openai.azure.com.",
                "host_name": "azureprivatedns.net",
                "minimum_ttl": 10,
                "refresh_time": 3600,
                "retry_time": 300,
                "serial_number": 1,
                "tags": {},
                "ttl": 3600
              }
            ],
            "tags": null,
            "timeouts": null
          },
          "sensitive_attributes": [],
          "private": "eyJlMmJmYjczMC1lY2FhLTExZTYtOGY4OC0zNDM2M2JjN2M0YzAiOnsiY3JlYXRlIjoxODAwMDAwMDAwMDAwLCJkZWxldGUiOjE4MDAwMDAwMDAwMDAsInJlYWQiOjMwMDAwMDAwMDAwMCwidXBkYXRlIjoxODAwMDAwMDAwMDAwfX0=",
          "dependencies": [
            "azurerm_resource_group.this",
            "module.openai.data.azurerm_resource_group.this",
            "module.vnet.azurerm_subnet.subnet",
            "module.vnet.azurerm_subnet_nat_gateway_association.nat_gw",
            "module.vnet.azurerm_subnet_network_security_group_association.vnet",
            "module.vnet.azurerm_subnet_route_table_association.vnet",
            "module.vnet.azurerm_virtual_network.vnet",
            "module.vnet.azurerm_virtual_network_dns_servers.vnet_dns"
          ]
        }
      ]
    },
    {
      "module": "module.openai",
      "mode": "managed",
      "type": "azurerm_private_dns_zone_virtual_network_link",
      "name": "dns_zone_link",
      "provider": "provider[\"registry.terraform.io/hashicorp/azurerm\"]",
      "instances": [
        {
          "index_key": "pe_endpoint",
          "schema_version": 0,
          "attributes": {
            "id": "/subscriptions/d134efee-67e2-4db0-a253-903d6309fe47/resourceGroups/azure-openai-terraform-deployment-sample/providers/Microsoft.Network/privateDnsZones/privatelink.openai.azure.com/virtualNetworkLinks/dns_zone_link",
            "name": "dns_zone_link",
            "private_dns_zone_name": "privatelink.openai.azure.com",
            "registration_enabled": false,
            "resource_group_name": "azure-openai-terraform-deployment-sample",
            "tags": null,
            "timeouts": null,
            "virtual_network_id": "/subscriptions/d134efee-67e2-4db0-a253-903d6309fe47/resourceGroups/azure-openai-terraform-deployment-sample/providers/Microsoft.Network/virtualNetworks/vnet"
          },
          "sensitive_attributes": [],
          "private": "eyJlMmJmYjczMC1lY2FhLTExZTYtOGY4OC0zNDM2M2JjN2M0YzAiOnsiY3JlYXRlIjoxODAwMDAwMDAwMDAwLCJkZWxldGUiOjE4MDAwMDAwMDAwMDAsInJlYWQiOjMwMDAwMDAwMDAwMCwidXBkYXRlIjoxODAwMDAwMDAwMDAwfX0=",
          "dependencies": [
            "azurerm_resource_group.this",
            "module.openai.azurerm_private_dns_zone.dns_zone",
            "module.openai.data.azurerm_private_dns_zone.dns_zone",
            "module.openai.data.azurerm_resource_group.this",
            "module.openai.data.azurerm_virtual_network.vnet",
            "module.vnet.azurerm_subnet.subnet",
            "module.vnet.azurerm_subnet_nat_gateway_association.nat_gw",
            "module.vnet.azurerm_subnet_network_security_group_association.vnet",
            "module.vnet.azurerm_subnet_route_table_association.vnet",
            "module.vnet.azurerm_virtual_network.vnet",
            "module.vnet.azurerm_virtual_network_dns_servers.vnet_dns"
          ]
        }
      ]
    },
    {
      "module": "module.openai",
      "mode": "managed",
      "type": "azurerm_private_endpoint",
      "name": "this",
      "provider": "provider[\"registry.terraform.io/hashicorp/azurerm\"]",
      "instances": [
        {
          "index_key": "pe_endpoint",
          "schema_version": 0,
          "attributes": {
            "custom_dns_configs": [],
            "custom_network_interface_name": "",
            "id": "/subscriptions/d134efee-67e2-4db0-a253-903d6309fe47/resourceGroups/azure-openai-terraform-deployment-sample/providers/Microsoft.Network/privateEndpoints/openai_pe",
            "ip_configuration": [],
            "location": "eastus",
            "name": "openai_pe",
            "network_interface": [
              {
                "id": "/subscriptions/d134efee-67e2-4db0-a253-903d6309fe47/resourceGroups/azure-openai-terraform-deployment-sample/providers/Microsoft.Network/networkInterfaces/openai_pe.nic.07d6e9c3-917e-4702-ae22-b189955776f0",
                "name": "openai_pe.nic.07d6e9c3-917e-4702-ae22-b189955776f0"
              }
            ],
            "private_dns_zone_configs": [
              {
                "id": "/subscriptions/d134efee-67e2-4db0-a253-903d6309fe47/resourceGroups/azure-openai-terraform-deployment-sample/providers/Microsoft.Network/privateEndpoints/openai_pe/privateDnsZoneGroups/privatelink.openai.azure.com/privateDnsZoneConfigs/privatelink.openai.azure.com",
                "name": "privatelink.openai.azure.com",
                "private_dns_zone_id": "/subscriptions/d134efee-67e2-4db0-a253-903d6309fe47/resourceGroups/azure-openai-terraform-deployment-sample/providers/Microsoft.Network/privateDnsZones/privatelink.openai.azure.com",
                "record_sets": [
                  {
                    "fqdn": "azureopenai-295305.privatelink.openai.azure.com",
                    "ip_addresses": [
                      "10.52.0.4"
                    ],
                    "name": "azureopenai-295305",
                    "ttl": 10,
                    "type": "A"
                  }
                ]
              }
            ],
            "private_dns_zone_group": [
              {
                "id": "/subscriptions/d134efee-67e2-4db0-a253-903d6309fe47/resourceGroups/azure-openai-terraform-deployment-sample/providers/Microsoft.Network/privateEndpoints/openai_pe/privateDnsZoneGroups/privatelink.openai.azure.com",
                "name": "privatelink.openai.azure.com",
                "private_dns_zone_ids": [
                  "/subscriptions/d134efee-67e2-4db0-a253-903d6309fe47/resourceGroups/azure-openai-terraform-deployment-sample/providers/Microsoft.Network/privateDnsZones/privatelink.openai.azure.com"
                ]
              }
            ],
            "private_service_connection": [
              {
                "is_manual_connection": false,
                "name": "oepnai_pe_connection",
                "private_connection_resource_alias": "",
                "private_connection_resource_id": "/subscriptions/d134efee-67e2-4db0-a253-903d6309fe47/resourceGroups/azure-openai-terraform-deployment-sample/providers/Microsoft.CognitiveServices/accounts/azureopenai-295305",
                "private_ip_address": "10.52.0.4",
                "request_message": "",
                "subresource_names": [
                  "account"
                ]
              }
            ],
            "resource_group_name": "azure-openai-terraform-deployment-sample",
            "subnet_id": "/subscriptions/d134efee-67e2-4db0-a253-903d6309fe47/resourceGroups/azure-openai-terraform-deployment-sample/providers/Microsoft.Network/virtualNetworks/vnet/subnets/subnet0",
            "tags": null,
            "timeouts": null
          },
          "sensitive_attributes": [],
          "private": "eyJlMmJmYjczMC1lY2FhLTExZTYtOGY4OC0zNDM2M2JjN2M0YzAiOnsiY3JlYXRlIjozNjAwMDAwMDAwMDAwLCJkZWxldGUiOjM2MDAwMDAwMDAwMDAsInJlYWQiOjMwMDAwMDAwMDAwMCwidXBkYXRlIjozNjAwMDAwMDAwMDAwfX0=",
          "dependencies": [
            "azurerm_resource_group.this",
            "module.openai.azurerm_cognitive_account.this",
            "module.openai.azurerm_private_dns_zone.dns_zone",
            "module.openai.data.azurerm_private_dns_zone.dns_zone",
            "module.openai.data.azurerm_resource_group.pe_vnet_rg",
            "module.openai.data.azurerm_resource_group.this",
            "module.openai.data.azurerm_subnet.pe_subnet",
            "module.openai.random_integer.this",
            "module.vnet.azurerm_subnet.subnet",
            "module.vnet.azurerm_subnet_nat_gateway_association.nat_gw",
            "module.vnet.azurerm_subnet_network_security_group_association.vnet",
            "module.vnet.azurerm_subnet_route_table_association.vnet",
            "module.vnet.azurerm_virtual_network.vnet",
            "module.vnet.azurerm_virtual_network_dns_servers.vnet_dns"
          ]
        }
      ]
    },
    {
      "module": "module.openai",
      "mode": "managed",
      "type": "random_integer",
      "name": "this",
      "provider": "provider[\"registry.terraform.io/hashicorp/random\"]",
      "instances": [
        {
          "schema_version": 0,
          "attributes": {
            "id": "295305",
            "keepers": null,
            "max": 999999,
            "min": 100000,
            "result": 295305,
            "seed": null
          },
          "sensitive_attributes": [],
          "dependencies": [
            "azurerm_resource_group.this",
            "module.vnet.azurerm_subnet.subnet",
            "module.vnet.azurerm_subnet_nat_gateway_association.nat_gw",
            "module.vnet.azurerm_subnet_network_security_group_association.vnet",
            "module.vnet.azurerm_subnet_route_table_association.vnet",
            "module.vnet.azurerm_virtual_network.vnet",
            "module.vnet.azurerm_virtual_network_dns_servers.vnet_dns"
          ]
        }
      ]
    },
    {
      "module": "module.vnet",
      "mode": "managed",
      "type": "azurerm_subnet",
      "name": "subnet",
      "provider": "provider[\"registry.terraform.io/hashicorp/azurerm\"]",
      "instances": [
        {
          "index_key": "subnet0",
          "schema_version": 0,
          "attributes": {
            "address_prefixes": [
              "10.52.0.0/16"
            ],
            "delegation": [],
            "enforce_private_link_endpoint_network_policies": false,
            "enforce_private_link_service_network_policies": false,
            "id": "/subscriptions/d134efee-67e2-4db0-a253-903d6309fe47/resourceGroups/azure-openai-terraform-deployment-sample/providers/Microsoft.Network/virtualNetworks/vnet/subnets/subnet0",
            "name": "subnet0",
            "private_endpoint_network_policies_enabled": true,
            "private_link_service_network_policies_enabled": true,
            "resource_group_name": "azure-openai-terraform-deployment-sample",
            "service_endpoint_policy_ids": null,
            "service_endpoints": [
              "Microsoft.CognitiveServices"
            ],
            "timeouts": null,
            "virtual_network_name": "vnet"
          },
          "sensitive_attributes": [],
          "private": "eyJlMmJmYjczMC1lY2FhLTExZTYtOGY4OC0zNDM2M2JjN2M0YzAiOnsiY3JlYXRlIjoxODAwMDAwMDAwMDAwLCJkZWxldGUiOjE4MDAwMDAwMDAwMDAsInJlYWQiOjMwMDAwMDAwMDAwMCwidXBkYXRlIjoxODAwMDAwMDAwMDAwfX0=",
          "dependencies": [
            "azurerm_resource_group.this",
            "module.vnet.azurerm_virtual_network.vnet",
            "module.vnet.azurerm_virtual_network_dns_servers.vnet_dns"
          ]
        }
      ]
    },
    {
      "module": "module.vnet",
      "mode": "managed",
      "type": "azurerm_virtual_network",
      "name": "vnet",
      "provider": "provider[\"registry.terraform.io/hashicorp/azurerm\"]",
      "instances": [
        {
          "schema_version": 0,
          "attributes": {
            "address_space": [
              "10.52.0.0/16"
            ],
            "bgp_community": "",
            "ddos_protection_plan": [],
            "dns_servers": [],
            "edge_zone": "",
            "flow_timeout_in_minutes": 0,
            "guid": "b6853b21-88c8-47d7-9dcb-3c5668739ba3",
            "id": "/subscriptions/d134efee-67e2-4db0-a253-903d6309fe47/resourceGroups/azure-openai-terraform-deployment-sample/providers/Microsoft.Network/virtualNetworks/vnet",
            "location": "eastus",
            "name": "vnet",
            "resource_group_name": "azure-openai-terraform-deployment-sample",
            "subnet": [],
            "tags": null,
            "timeouts": null
          },
          "sensitive_attributes": [],
          "private": "eyJlMmJmYjczMC1lY2FhLTExZTYtOGY4OC0zNDM2M2JjN2M0YzAiOnsiY3JlYXRlIjoxODAwMDAwMDAwMDAwLCJkZWxldGUiOjE4MDAwMDAwMDAwMDAsInJlYWQiOjMwMDAwMDAwMDAwMCwidXBkYXRlIjoxODAwMDAwMDAwMDAwfX0=",
          "dependencies": [
            "azurerm_resource_group.this"
          ]
        }
      ]
    },
    {
      "module": "module.vnet",
      "mode": "managed",
      "type": "azurerm_virtual_network_dns_servers",
      "name": "vnet_dns",
      "provider": "provider[\"registry.terraform.io/hashicorp/azurerm\"]",
      "instances": []
    }
  ],
  "check_results": [
    {
      "object_kind": "resource",
      "config_addr": "module.aks.azurerm_kubernetes_cluster.main",
      "status": "pass",
      "objects": [
        {
          "object_addr": "module.aks.azurerm_kubernetes_cluster.main",
          "status": "pass"
        }
      ]
    },
    {
      "object_kind": "resource",
      "config_addr": "module.aks.azurerm_kubernetes_cluster_node_pool.node_pool",
      "status": "pass",
      "objects": null
    }
  ]
}
